
Microsoft Visual Studio Solution File, Format Version 12.00
# Visual Studio 2017
Project("{FAE04EC0-301F-11D3-BF4B-00C04F79EFBC}") = "BAM!Movers_Prototype", "BAM!Movers_Prototype.csproj", "{14FDC1A0-C2FE-59F3-92CA-17C3C11C5F02}"
EndProject
Global
	GlobalSection(SolutionConfigurationPlatforms) = preSolution
		Debug|Any CPU = Debug|Any CPU
		Release|Any CPU = Release|Any CPU
	EndGlobalSection
	GlobalSection(ProjectConfigurationPlatforms) = postSolution
		{14FDC1A0-C2FE-59F3-92CA-17C3C11C5F02}.Debug|Any CPU.ActiveCfg = Debug|Any CPU
		{14FDC1A0-C2FE-59F3-92CA-17C3C11C5F02}.Debug|Any CPU.Build.0 = Debug|Any CPU
		{14FDC1A0-C2FE-59F3-92CA-17C3C11C5F02}.Release|Any CPU.ActiveCfg = Release|Any CPU
		{14FDC1A0-C2FE-59F3-92CA-17C3C11C5F02}.Release|Any CPU.Build.0 = Release|Any CPU
	EndGlobalSection
	GlobalSection(SolutionProperties) = preSolution
		HideSolutionNode = FALSE
	EndGlobalSection
EndGlobal
